
Microsoft Visual Studio Solution File, Format Version 12.00
# Visual Studio 2015
Project("{FAE04EC0-301F-11D3-BF4B-00C04F79EFBC}") = "Project_NET.CSharp", "Project_NET.CSharp.csproj", "{DA07727A-CCD4-6587-EE7C-247E0F399C07}"
EndProject
Project("{FAE04EC0-301F-11D3-BF4B-00C04F79EFBC}") = "Project_NET.CSharp.Editor", "Project_NET.CSharp.Editor.csproj", "{A9B36FDE-D58F-30C4-BEB5-758325845285}"
EndProject
Global
	GlobalSection(SolutionConfigurationPlatforms) = preSolution
		Debug|Any CPU = Debug|Any CPU
		Release|Any CPU = Release|Any CPU
	EndGlobalSection
	GlobalSection(ProjectConfigurationPlatforms) = postSolution
		{DA07727A-CCD4-6587-EE7C-247E0F399C07}.Debug|Any CPU.ActiveCfg = Debug|Any CPU
		{DA07727A-CCD4-6587-EE7C-247E0F399C07}.Debug|Any CPU.Build.0 = Debug|Any CPU
		{DA07727A-CCD4-6587-EE7C-247E0F399C07}.Release|Any CPU.ActiveCfg = Release|Any CPU
		{DA07727A-CCD4-6587-EE7C-247E0F399C07}.Release|Any CPU.Build.0 = Release|Any CPU
		{A9B36FDE-D58F-30C4-BEB5-758325845285}.Debug|Any CPU.ActiveCfg = Debug|Any CPU
		{A9B36FDE-D58F-30C4-BEB5-758325845285}.Debug|Any CPU.Build.0 = Debug|Any CPU
		{A9B36FDE-D58F-30C4-BEB5-758325845285}.Release|Any CPU.ActiveCfg = Release|Any CPU
		{A9B36FDE-D58F-30C4-BEB5-758325845285}.Release|Any CPU.Build.0 = Release|Any CPU
	EndGlobalSection
	GlobalSection(SolutionProperties) = preSolution
		HideSolutionNode = FALSE
	EndGlobalSection
EndGlobal
